{
  "name": "dhru",
  "lockfileVersion": 3,
  "requires": true,
  "packages": {
    "": {
      "dependencies": {
        "turso": "^0.6.0"
      }
    },
    "node_modules/@tursodatabase/cli-darwin-arm64": {
      "version": "0.6.0",
      "resolved": "https://registry.npmjs.org/@tursodatabase/cli-darwin-arm64/-/cli-darwin-arm64-0.6.0.tgz",
      "integrity": "sha512-NTtoGzyvGyu7yTtKs/RR3L+6+9lF6bRS8ipXRJpGSvnNv4AhARNlCNbuRnAGBx8mps4JeHg8+qJvYk9J641KuA==",
      "cpu": [
        "arm64"
      ],
      "license": "MIT",
      "optional": true,
      "os": [
        "darwin"
      ]
    },
    "node_modules/@tursodatabase/cli-darwin-x64": {
      "version": "0.6.0",
      "resolved": "https://registry.npmjs.org/@tursodatabase/cli-darwin-x64/-/cli-darwin-x64-0.6.0.tgz",
      "integrity": "sha512-ZYinwU5+FJgbJhh/Qhcyjr+3Xm/ix8vG+kfwfKyJzU2JE8Ys45BjmsUv1nYATDU3OWTYzix08B9dG5CMI/IRbA==",
      "cpu": [
        "x64"
      ],
      "license": "MIT",
      "optional": true,
      "os": [
        "darwin"
      ]
    },
    "node_modules/@tursodatabase/cli-linux-arm64-gnu": {
      "version": "0.6.0",
      "resolved": "https://registry.npmjs.org/@tursodatabase/cli-linux-arm64-gnu/-/cli-linux-arm64-gnu-0.6.0.tgz",
      "integrity": "sha512-JbVQLa+oXS4CQxsDO6jFbWaxW3cMGDYhAheLfP/dcy2Gt7wTXyqdw6cEMOt7/ulXB/opHL+ueotl95xQEVxHLg==",
      "cpu": [
        "arm64"
      ],
      "libc": [
        "glibc"
      ],
      "license": "MIT",
      "optional": true,
      "os": [
        "linux"
      ]
    },
    "node_modules/@tursodatabase/cli-linux-x64-gnu": {
      "version": "0.6.0",
      "resolved": "https://registry.npmjs.org/@tursodatabase/cli-linux-x64-gnu/-/cli-linux-x64-gnu-0.6.0.tgz",
      "integrity": "sha512-bhiFKQ7JPtQKW7NQ3uh+yks5JsrngAPJYXxIkUnpkafbp6yRMEbV1UgaAkiZTxfB2MVE2gwj/qpXJ+tONgmZRw==",
      "cpu": [
        "x64"
      ],
      "libc": [
        "glibc"
      ],
      "license": "MIT",
      "optional": true,
      "os": [
        "linux"
      ]
    },
    "node_modules/@tursodatabase/cli-win32-x64-msvc": {
      "version": "0.6.0",
      "resolved": "https://registry.npmjs.org/@tursodatabase/cli-win32-x64-msvc/-/cli-win32-x64-msvc-0.6.0.tgz",
      "integrity": "sha512-yyy1+lKDu/AIkK2UUgvaGgBwsFhtgc+9MqgRMW20SKVXhPgFnUtPCIDUoFlH1ArCY6UCvLWQKY39LMPxUGuWLQ==",
      "cpu": [
        "x64"
      ],
      "license": "MIT",
      "optional": true,
      "os": [
        "win32"
      ]
    },
    "node_modules/turso": {
      "version": "0.6.0",
      "resolved": "https://registry.npmjs.org/turso/-/turso-0.6.0.tgz",
      "integrity": "sha512-DHGFc3GL8vsWFj5ka6fkk1cEZQVrGNQWyzjIeXYHrEY2To3493FqLAVI10U4fdA1QvRhQO84KLYpczcy+zhceA==",
      "license": "MIT",
      "bin": {
        "turso": "src/index.js"
      },
      "optionalDependencies": {
        "@tursodatabase/cli-darwin-arm64": "0.6.0",
        "@tursodatabase/cli-darwin-x64": "0.6.0",
        "@tursodatabase/cli-linux-arm64-gnu": "0.6.0",
        "@tursodatabase/cli-linux-x64-gnu": "0.6.0",
        "@tursodatabase/cli-win32-x64-msvc": "0.6.0"
      }
    }
  }
}
